PODS:
  - boost-for-react-native (1.63.0)
  - DoubleConversion (1.1.6)
  - EXAdsFacebook (8.3.0):
    - FBAudienceNetwork (= 5.7.1)
    - UMCore
  - EXAV (8.0.0):
    - UMCore
    - UMPermissionsInterface
  - EXBlur (8.1.2):
    - UMCore
  - EXCamera (8.3.1):
    - UMBarCodeScannerInterface
    - UMCore
    - UMFaceDetectorInterface
    - UMFileSystemInterface
    - UMImageLoaderInterface
    - UMPermissionsInterface
  - EXConstants (9.0.0):
    - UMConstantsInterface
    - UMCore
  - EXFacebook (8.0.0):
    - FBSDKCoreKit (~> 5.8.0)
    - FBSDKLoginKit (~> 5.8.0)
    - UMConstantsInterface
    - UMCore
  - EXFileSystem (8.1.0):
    - UMCore
    - UMFileSystemInterface
  - EXFirebaseCore (1.1.1):
    - Firebase/Core (= 6.13.0)
    - UMCore
  - EXImageLoader (1.0.1):
    - React-Core
    - UMCore
    - UMImageLoaderInterface
  - EXImagePicker (8.0.2):
    - UMCore
    - UMFileSystemInterface
  - EXLocalization (8.1.0):
    - UMCore
  - EXLocation (8.3.0):
    - UMCore
    - UMPermissionsInterface
    - UMTaskManagerInterface
  - EXPermissions (8.2.0):
    - UMCore
    - UMPermissionsInterface
  - FBAudienceNetwork (5.7.1):
    - FBSDKCoreKit/Basics (>= 5.6.0)
  - FBLazyVector (0.61.4)
  - FBReactNativeSpec (0.61.4):
    - Folly (= 2018.10.22.00)
    - RCTRequired (= 0.61.4)
    - RCTTypeSafety (= 0.61.4)
    - React-Core (= 0.61.4)
    - React-jsi (= 0.61.4)
    - ReactCommon/turbomodule/core (= 0.61.4)
  - FBSDKCoreKit (5.8.0):
    - FBSDKCoreKit/Basics (= 5.8.0)
    - FBSDKCoreKit/Core (= 5.8.0)
  - FBSDKCoreKit/Basics (5.8.0)
  - FBSDKCoreKit/Core (5.8.0):
    - FBSDKCoreKit/Basics
  - FBSDKLoginKit (5.8.0):
    - FBSDKLoginKit/Login (= 5.8.0)
  - FBSDKLoginKit/Login (5.8.0):
    - FBSDKCoreKit (~> 5.0)
  - FBSDKShareKit (5.8.0):
    - FBSDKShareKit/Share (= 5.8.0)
  - FBSDKShareKit/Share (5.8.0):
    - FBSDKCoreKit (~> 5.0)
  - Firebase/Auth (6.13.0):
    - Firebase/CoreOnly
    - FirebaseAuth (~> 6.4.0)
  - Firebase/Core (6.13.0):
    - Firebase/CoreOnly
    - FirebaseAnalytics (= 6.1.6)
  - Firebase/CoreOnly (6.13.0):
    - FirebaseCore (= 6.4.0)
  - Firebase/Messaging (6.13.0):
    - Firebase/CoreOnly
    - FirebaseMessaging (~> 4.1.9)
  - FirebaseAnalytics (6.1.6):
    - FirebaseCore (~> 6.4)
    - FirebaseInstanceID (~> 4.2)
    - GoogleAppMeasurement (= 6.1.6)
    - GoogleUtilities/AppDelegateSwizzler (~> 6.0)
    - GoogleUtilities/MethodSwizzler (~> 6.0)
    - GoogleUtilities/Network (~> 6.0)
    - "GoogleUtilities/NSData+zlib (~> 6.0)"
    - nanopb (= 0.3.9011)
  - FirebaseAnalyticsInterop (1.5.0)
  - FirebaseAuth (6.4.2):
    - FirebaseAuthInterop (~> 1.0)
    - FirebaseCore (~> 6.2)
    - GoogleUtilities/AppDelegateSwizzler (~> 6.2)
    - GoogleUtilities/Environment (~> 6.2)
    - GTMSessionFetcher/Core (~> 1.1)
  - FirebaseAuthInterop (1.1.0)
  - FirebaseCore (6.4.0):
    - FirebaseCoreDiagnostics (~> 1.0)
    - FirebaseCoreDiagnosticsInterop (~> 1.0)
    - GoogleUtilities/Environment (~> 6.2)
    - GoogleUtilities/Logger (~> 6.2)
  - FirebaseCoreDiagnostics (1.2.4):
    - FirebaseCoreDiagnosticsInterop (~> 1.2)
    - GoogleDataTransportCCTSupport (~> 3.0)
    - GoogleUtilities/Environment (~> 6.5)
    - GoogleUtilities/Logger (~> 6.5)
    - nanopb (~> 0.3.901)
  - FirebaseCoreDiagnosticsInterop (1.2.0)
  - FirebaseInstanceID (4.2.7):
    - FirebaseCore (~> 6.0)
    - GoogleUtilities/Environment (~> 6.0)
    - GoogleUtilities/UserDefaults (~> 6.0)
  - FirebaseMessaging (4.1.10):
    - FirebaseAnalyticsInterop (~> 1.3)
    - FirebaseCore (~> 6.2)
    - FirebaseInstanceID (~> 4.1)
    - GoogleUtilities/AppDelegateSwizzler (~> 6.2)
    - GoogleUtilities/Environment (~> 6.2)
    - GoogleUtilities/Reachability (~> 6.2)
    - GoogleUtilities/UserDefaults (~> 6.2)
    - Protobuf (>= 3.9.2, ~> 3.9)
  - Folly (2018.10.22.00):
    - boost-for-react-native
    - DoubleConversion
    - Folly/Default (= 2018.10.22.00)
    - glog
  - Folly/Default (2018.10.22.00):
    - boost-for-react-native
    - DoubleConversion
    - glog
  - glog (0.3.5)
  - Google-Maps-iOS-Utils (3.3.0):
    - Google-Maps-iOS-Utils/Clustering (= 3.3.0)
    - Google-Maps-iOS-Utils/Geometry (= 3.3.0)
    - Google-Maps-iOS-Utils/Heatmap (= 3.3.0)
    - Google-Maps-iOS-Utils/QuadTree (= 3.3.0)
    - GoogleMaps
  - Google-Maps-iOS-Utils/Clustering (3.3.0):
    - Google-Maps-iOS-Utils/QuadTree
    - GoogleMaps
  - Google-Maps-iOS-Utils/Geometry (3.3.0):
    - GoogleMaps
  - Google-Maps-iOS-Utils/Heatmap (3.3.0):
    - Google-Maps-iOS-Utils/QuadTree
    - GoogleMaps
  - Google-Maps-iOS-Utils/QuadTree (3.3.0):
    - GoogleMaps
  - GoogleAppMeasurement (6.1.6):
    - GoogleUtilities/AppDelegateSwizzler (~> 6.0)
    - GoogleUtilities/MethodSwizzler (~> 6.0)
    - GoogleUtilities/Network (~> 6.0)
    - "GoogleUtilities/NSData+zlib (~> 6.0)"
    - nanopb (= 0.3.9011)
  - GoogleDataTransport (6.2.1)
  - GoogleDataTransportCCTSupport (3.0.0):
    - GoogleDataTransport (~> 6.0)
    - nanopb (~> 0.3.901)
  - GoogleMaps (3.10.0):
    - GoogleMaps/Maps (= 3.10.0)
  - GoogleMaps/Base (3.10.0)
  - GoogleMaps/Maps (3.10.0):
    - GoogleMaps/Base
  - GoogleUtilities/AppDelegateSwizzler (6.7.2):
    - GoogleUtilities/Environment
    - GoogleUtilities/Logger
    - GoogleUtilities/Network
  - GoogleUtilities/Environment (6.7.2):
    - PromisesObjC (~> 1.2)
  - GoogleUtilities/Logger (6.7.2):
    - GoogleUtilities/Environment
  - GoogleUtilities/MethodSwizzler (6.7.2):
    - GoogleUtilities/Logger
  - GoogleUtilities/Network (6.7.2):
    - GoogleUtilities/Logger
    - "GoogleUtilities/NSData+zlib"
    - GoogleUtilities/Reachability
  - "GoogleUtilities/NSData+zlib (6.7.2)"
  - GoogleUtilities/Reachability (6.7.2):
    - GoogleUtilities/Logger
  - GoogleUtilities/UserDefaults (6.7.2):
    - GoogleUtilities/Logger
  - GTMSessionFetcher/Core (1.4.0)
  - libwebp (1.1.0):
    - libwebp/demux (= 1.1.0)
    - libwebp/mux (= 1.1.0)
    - libwebp/webp (= 1.1.0)
  - libwebp/demux (1.1.0):
    - libwebp/webp
  - libwebp/mux (1.1.0):
    - libwebp/demux
  - libwebp/webp (1.1.0)
  - nanopb (0.3.9011):
    - nanopb/decode (= 0.3.9011)
    - nanopb/encode (= 0.3.9011)
  - nanopb/decode (0.3.9011)
  - nanopb/encode (0.3.9011)
  - PromisesObjC (1.2.10)
  - Protobuf (3.13.0)
  - RCTRequired (0.61.4)
  - RCTTypeSafety (0.61.4):
    - FBLazyVector (= 0.61.4)
    - Folly (= 2018.10.22.00)
    - RCTRequired (= 0.61.4)
    - React-Core (= 0.61.4)
  - React (0.61.4):
    - React-Core (= 0.61.4)
    - React-Core/DevSupport (= 0.61.4)
    - React-Core/RCTWebSocket (= 0.61.4)
    - React-RCTActionSheet (= 0.61.4)
    - React-RCTAnimation (= 0.61.4)
    - React-RCTBlob (= 0.61.4)
    - React-RCTImage (= 0.61.4)
    - React-RCTLinking (= 0.61.4)
    - React-RCTNetwork (= 0.61.4)
    - React-RCTSettings (= 0.61.4)
    - React-RCTText (= 0.61.4)
    - React-RCTVibration (= 0.61.4)
  - React-ART (0.61.4):
    - React-Core/ARTHeaders (= 0.61.4)
  - React-Core (0.61.4):
    - Folly (= 2018.10.22.00)
    - glog
    - React-Core/Default (= 0.61.4)
    - React-cxxreact (= 0.61.4)
    - React-jsi (= 0.61.4)
    - React-jsiexecutor (= 0.61.4)
    - Yoga
  - React-Core/ARTHeaders (0.61.4):
    - Folly (= 2018.10.22.00)
    - glog
    - React-Core/Default
    - React-cxxreact (= 0.61.4)
    - React-jsi (= 0.61.4)
    - React-jsiexecutor (= 0.61.4)
    - Yoga
  - React-Core/CoreModulesHeaders (0.61.4):
    - Folly (= 2018.10.22.00)
    - glog
    - React-Core/Default
    - React-cxxreact (= 0.61.4)
    - React-jsi (= 0.61.4)
    - React-jsiexecutor (= 0.61.4)
    - Yoga
  - React-Core/Default (0.61.4):
    - Folly (= 2018.10.22.00)
    - glog
    - React-cxxreact (= 0.61.4)
    - React-jsi (= 0.61.4)
    - React-jsiexecutor (= 0.61.4)
    - Yoga
  - React-Core/DevSupport (0.61.4):
    - Folly (= 2018.10.22.00)
    - glog
    - React-Core/Default (= 0.61.4)
    - React-Core/RCTWebSocket (= 0.61.4)
    - React-cxxreact (= 0.61.4)
    - React-jsi (= 0.61.4)
    - React-jsiexecutor (= 0.61.4)
    - React-jsinspector (= 0.61.4)
    - Yoga
  - React-Core/RCTActionSheetHeaders (0.61.4):
    - Folly (= 2018.10.22.00)
    - glog
    - React-Core/Default
    - React-cxxreact (= 0.61.4)
    - React-jsi (= 0.61.4)
    - React-jsiexecutor (= 0.61.4)
    - Yoga
  - React-Core/RCTAnimationHeaders (0.61.4):
    - Folly (= 2018.10.22.00)
    - glog
    - React-Core/Default
    - React-cxxreact (= 0.61.4)
    - React-jsi (= 0.61.4)
    - React-jsiexecutor (= 0.61.4)
    - Yoga
  - React-Core/RCTBlobHeaders (0.61.4):
    - Folly (= 2018.10.22.00)
    - glog
    - React-Core/Default
    - React-cxxreact (= 0.61.4)
    - React-jsi (= 0.61.4)
    - React-jsiexecutor (= 0.61.4)
    - Yoga
  - React-Core/RCTImageHeaders (0.61.4):
    - Folly (= 2018.10.22.00)
    - glog
    - React-Core/Default
    - React-cxxreact (= 0.61.4)
    - React-jsi (= 0.61.4)
    - React-jsiexecutor (= 0.61.4)
    - Yoga
  - React-Core/RCTLinkingHeaders (0.61.4):
    - Folly (= 2018.10.22.00)
    - glog
    - React-Core/Default
    - React-cxxreact (= 0.61.4)
    - React-jsi (= 0.61.4)
    - React-jsiexecutor (= 0.61.4)
    - Yoga
  - React-Core/RCTNetworkHeaders (0.61.4):
    - Folly (= 2018.10.22.00)
    - glog
    - React-Core/Default
    - React-cxxreact (= 0.61.4)
    - React-jsi (= 0.61.4)
    - React-jsiexecutor (= 0.61.4)
    - Yoga
  - React-Core/RCTSettingsHeaders (0.61.4):
    - Folly (= 2018.10.22.00)
    - glog
    - React-Core/Default
    - React-cxxreact (= 0.61.4)
    - React-jsi (= 0.61.4)
    - React-jsiexecutor (= 0.61.4)
    - Yoga
  - React-Core/RCTTextHeaders (0.61.4):
    - Folly (= 2018.10.22.00)
    - glog
    - React-Core/Default
    - React-cxxreact (= 0.61.4)
    - React-jsi (= 0.61.4)
    - React-jsiexecutor (= 0.61.4)
    - Yoga
  - React-Core/RCTVibrationHeaders (0.61.4):
    - Folly (= 2018.10.22.00)
    - glog
    - React-Core/Default
    - React-cxxreact (= 0.61.4)
    - React-jsi (= 0.61.4)
    - React-jsiexecutor (= 0.61.4)
    - Yoga
  - React-Core/RCTWebSocket (0.61.4):
    - Folly (= 2018.10.22.00)
    - glog
    - React-Core/Default (= 0.61.4)
    - React-cxxreact (= 0.61.4)
    - React-jsi (= 0.61.4)
    - React-jsiexecutor (= 0.61.4)
    - Yoga
  - React-CoreModules (0.61.4):
    - FBReactNativeSpec (= 0.61.4)
    - Folly (= 2018.10.22.00)
    - RCTTypeSafety (= 0.61.4)
    - React-Core/CoreModulesHeaders (= 0.61.4)
    - React-RCTImage (= 0.61.4)
    - ReactCommon/turbomodule/core (= 0.61.4)
  - React-cxxreact (0.61.4):
    - boost-for-react-native (= 1.63.0)
    - DoubleConversion
    - Folly (= 2018.10.22.00)
    - glog
    - React-jsinspector (= 0.61.4)
  - React-jsi (0.61.4):
    - boost-for-react-native (= 1.63.0)
    - DoubleConversion
    - Folly (= 2018.10.22.00)
    - glog
    - React-jsi/Default (= 0.61.4)
  - React-jsi/Default (0.61.4):
    - boost-for-react-native (= 1.63.0)
    - DoubleConversion
    - Folly (= 2018.10.22.00)
    - glog
  - React-jsiexecutor (0.61.4):
    - DoubleConversion
    - Folly (= 2018.10.22.00)
    - glog
    - React-cxxreact (= 0.61.4)
    - React-jsi (= 0.61.4)
  - React-jsinspector (0.61.4)
  - react-native-appearance (0.3.4):
    - React
  - react-native-fbsdk (1.1.1):
    - React
    - react-native-fbsdk/Core (= 1.1.1)
    - react-native-fbsdk/Login (= 1.1.1)
    - react-native-fbsdk/Share (= 1.1.1)
  - react-native-fbsdk/Core (1.1.1):
    - FBSDKCoreKit (= 5.8)
    - React
  - react-native-fbsdk/Login (1.1.1):
    - FBSDKLoginKit (= 5.8)
    - React
  - react-native-fbsdk/Share (1.1.1):
    - FBSDKShareKit (= 5.8)
    - React
  - react-native-geolocation (2.0.2):
    - React
  - react-native-get-random-values (1.5.0):
    - React
  - react-native-image-picker (1.1.0):
    - React
  - react-native-maps (0.26.1):
    - React
  - react-native-splash-screen (3.2.0):
    - React
  - react-native-webrtc (1.84.0):
    - React
  - react-native-webview (9.4.0):
    - React
  - React-RCTActionSheet (0.61.4):
    - React-Core/RCTActionSheetHeaders (= 0.61.4)
  - React-RCTAnimation (0.61.4):
    - React-Core/RCTAnimationHeaders (= 0.61.4)
  - React-RCTBlob (0.61.4):
    - React-Core/RCTBlobHeaders (= 0.61.4)
    - React-Core/RCTWebSocket (= 0.61.4)
    - React-jsi (= 0.61.4)
    - React-RCTNetwork (= 0.61.4)
  - React-RCTImage (0.61.4):
    - React-Core/RCTImageHeaders (= 0.61.4)
    - React-RCTNetwork (= 0.61.4)
  - React-RCTLinking (0.61.4):
    - React-Core/RCTLinkingHeaders (= 0.61.4)
  - React-RCTNetwork (0.61.4):
    - React-Core/RCTNetworkHeaders (= 0.61.4)
  - React-RCTSettings (0.61.4):
    - React-Core/RCTSettingsHeaders (= 0.61.4)
  - React-RCTText (0.61.4):
    - React-Core/RCTTextHeaders (= 0.61.4)
  - React-RCTVibration (0.61.4):
    - React-Core/RCTVibrationHeaders (= 0.61.4)
  - ReactCommon/jscallinvoker (0.61.4):
    - DoubleConversion
    - Folly (= 2018.10.22.00)
    - glog
    - React-cxxreact (= 0.61.4)
  - ReactCommon/turbomodule/core (0.61.4):
    - DoubleConversion
    - Folly (= 2018.10.22.00)
    - glog
    - React-Core (= 0.61.4)
    - React-cxxreact (= 0.61.4)
    - React-jsi (= 0.61.4)
    - ReactCommon/jscallinvoker (= 0.61.4)
  - ReactNativeAutogrowTextinput (5.4.0):
    - React
  - ReactNativeIncallManager (3.3.0):
    - React
  - ReactNativeKeyboardInput (6.0.2):
    - React
  - ReactNativeKeyboardTrackingView (5.7.0):
    - React
  - RNCallKeep (3.1.1):
    - React
  - RNCAsyncStorage (1.12.0):
    - React
  - RNFastImage (8.3.2):
    - React
    - SDWebImage (~> 5.8)
    - SDWebImageWebPCoder (~> 0.6.1)
  - RNFBApp (6.7.1):
    - Firebase/Core (= 6.13.0)
    - React
  - RNFBAuth (6.7.1):
    - Firebase/Auth (= 6.13.0)
    - Firebase/Core (= 6.13.0)
    - React
    - RNFBApp
  - RNFBMessaging (6.7.1):
    - Firebase/Core (= 6.13.0)
    - Firebase/Messaging (= 6.13.0)
    - React
    - RNFBApp
  - RNGestureHandler (1.8.0):
    - React
  - RNImageCropPicker (0.31.1):
    - React-Core
    - React-RCTImage
    - RNImageCropPicker/QBImagePickerController (= 0.31.1)
    - TOCropViewController
  - RNImageCropPicker/QBImagePickerController (0.31.1):
    - React-Core
    - React-RCTImage
    - TOCropViewController
  - RNLocalize (1.4.1):
    - React
  - RNReactNativeModalPatch (1.0.0):
    - React
  - RNReanimated (1.13.0):
    - React
  - RNScreens (2.10.1):
    - React
  - RNVectorIcons (7.1.0):
    - React
  - RNVoipPushNotification (2.1.0):
    - React-Core
  - SDWebImage (5.9.1):
    - SDWebImage/Core (= 5.9.1)
  - SDWebImage/Core (5.9.1)
  - SDWebImageWebPCoder (0.6.1):
    - libwebp (~> 1.0)
    - SDWebImage/Core (~> 5.7)
  - TOCropViewController (2.5.4)
  - UMAppLoader (1.0.2)
  - UMBarCodeScannerInterface (5.1.0)
  - UMCameraInterface (5.1.0)
  - UMConstantsInterface (5.1.0)
  - UMCore (5.1.2)
  - UMFaceDetectorInterface (5.1.0)
  - UMFileSystemInterface (5.1.0)
  - UMFontInterface (5.1.0)
  - UMImageLoaderInterface (5.1.0)
  - UMPermissionsInterface (5.1.0):
    - UMCore
  - UMReactNativeAdapter (5.2.0):
    - React-Core
    - UMCore
    - UMFontInterface
  - UMSensorsInterface (5.1.0)
  - UMTaskManagerInterface (5.1.0)
  - Yoga (1.14.0)

DEPENDENCIES:
  - DoubleConversion (from `../node_modules/react-native/third-party-podspecs/DoubleConversion.podspec`)
  - EXAdsFacebook (from `../node_modules/expo-ads-facebook/ios`)
  - EXAV (from `../node_modules/expo-av/ios`)
  - EXBlur (from `../node_modules/expo-blur/ios`)
  - EXCamera (from `../node_modules/expo-camera/ios`)
  - EXConstants (from `../node_modules/react-native-unimodules/node_modules/expo-constants/ios`)
  - EXFacebook (from `../node_modules/expo-facebook/ios`)
  - EXFileSystem (from `../node_modules/expo-file-system/ios`)
  - EXFirebaseCore (from `../node_modules/expo-firebase-core/ios`)
  - EXImageLoader (from `../node_modules/expo-image-loader/ios`)
  - EXImagePicker (from `../node_modules/expo-image-picker/ios`)
  - EXLocalization (from `../node_modules/expo-localization/ios`)
  - EXLocation (from `../node_modules/expo-location/ios`)
  - EXPermissions (from `../node_modules/expo-permissions/ios`)
  - FBLazyVector (from `../node_modules/react-native/Libraries/FBLazyVector`)
  - FBReactNativeSpec (from `../node_modules/react-native/Libraries/FBReactNativeSpec`)
  - FBSDKCoreKit (= 5.8.0)
  - FBSDKLoginKit (= 5.8.0)
  - FBSDKShareKit (= 5.8.0)
  - Folly (from `../node_modules/react-native/third-party-podspecs/Folly.podspec`)
  - glog (from `../node_modules/react-native/third-party-podspecs/glog.podspec`)
  - Google-Maps-iOS-Utils
  - GoogleMaps
  - RCTRequired (from `../node_modules/react-native/Libraries/RCTRequired`)
  - RCTTypeSafety (from `../node_modules/react-native/Libraries/TypeSafety`)
  - React (from `../node_modules/react-native/`)
  - React-ART (from `../node_modules/react-native/Libraries/ART`)
  - React-Core (from `../node_modules/react-native/`)
  - React-Core/DevSupport (from `../node_modules/react-native/`)
  - React-Core/RCTWebSocket (from `../node_modules/react-native/`)
  - React-CoreModules (from `../node_modules/react-native/React/CoreModules`)
  - React-cxxreact (from `../node_modules/react-native/ReactCommon/cxxreact`)
  - React-jsi (from `../node_modules/react-native/ReactCommon/jsi`)
  - React-jsiexecutor (from `../node_modules/react-native/ReactCommon/jsiexecutor`)
  - React-jsinspector (from `../node_modules/react-native/ReactCommon/jsinspector`)
  - react-native-appearance (from `../node_modules/react-native-appearance`)
  - react-native-fbsdk (from `../node_modules/react-native-fbsdk`)
  - "react-native-geolocation (from `../node_modules/@react-native-community/geolocation`)"
  - react-native-get-random-values (from `../node_modules/react-native-get-random-values`)
  - react-native-image-picker (from `../node_modules/react-native-image-picker`)
  - react-native-maps (from `../node_modules/react-native-maps`)
  - react-native-splash-screen (from `../node_modules/react-native-splash-screen`)
  - react-native-webrtc (from `../node_modules/react-native-webrtc`)
  - react-native-webview (from `../node_modules/react-native-webview`)
  - React-RCTActionSheet (from `../node_modules/react-native/Libraries/ActionSheetIOS`)
  - React-RCTAnimation (from `../node_modules/react-native/Libraries/NativeAnimation`)
  - React-RCTBlob (from `../node_modules/react-native/Libraries/Blob`)
  - React-RCTImage (from `../node_modules/react-native/Libraries/Image`)
  - React-RCTLinking (from `../node_modules/react-native/Libraries/LinkingIOS`)
  - React-RCTNetwork (from `../node_modules/react-native/Libraries/Network`)
  - React-RCTSettings (from `../node_modules/react-native/Libraries/Settings`)
  - React-RCTText (from `../node_modules/react-native/Libraries/Text`)
  - React-RCTVibration (from `../node_modules/react-native/Libraries/Vibration`)
  - ReactCommon/jscallinvoker (from `../node_modules/react-native/ReactCommon`)
  - ReactCommon/turbomodule/core (from `../node_modules/react-native/ReactCommon`)
  - ReactNativeAutogrowTextinput (from `../node_modules/react-native-autogrow-textinput`)
  - ReactNativeIncallManager (from `../node_modules/react-native-incall-manager`)
  - ReactNativeKeyboardInput (from `../node_modules/react-native-keyboard-input`)
  - ReactNativeKeyboardTrackingView (from `../node_modules/react-native-keyboard-tracking-view`)
  - RNCallKeep (from `../node_modules/react-native-callkeep`)
  - "RNCAsyncStorage (from `../node_modules/@react-native-community/async-storage`)"
  - RNFastImage (from `../node_modules/react-native-fast-image`)
  - "RNFBApp (from `../node_modules/@react-native-firebase/app`)"
  - "RNFBAuth (from `../node_modules/@react-native-firebase/auth`)"
  - "RNFBMessaging (from `../node_modules/@react-native-firebase/messaging`)"
  - RNGestureHandler (from `../node_modules/react-native-gesture-handler`)
  - RNImageCropPicker (from `../node_modules/react-native-image-crop-picker`)
  - RNLocalize (from `../node_modules/react-native-localize`)
  - RNReactNativeModalPatch (from `../node_modules/react-native-modal-patch`)
  - RNReanimated (from `../node_modules/react-native-reanimated`)
  - RNScreens (from `../node_modules/react-native-screens`)
  - RNVectorIcons (from `../node_modules/react-native-vector-icons`)
  - RNVoipPushNotification (from `../node_modules/react-native-voip-push-notification`)
  - UMAppLoader (from `../node_modules/unimodules-app-loader/ios`)
  - UMBarCodeScannerInterface (from `../node_modules/unimodules-barcode-scanner-interface/ios`)
  - UMCameraInterface (from `../node_modules/unimodules-camera-interface/ios`)
  - UMConstantsInterface (from `../node_modules/unimodules-constants-interface/ios`)
  - "UMCore (from `../node_modules/@unimodules/core/ios`)"
  - UMFaceDetectorInterface (from `../node_modules/unimodules-face-detector-interface/ios`)
  - UMFileSystemInterface (from `../node_modules/unimodules-file-system-interface/ios`)
  - UMFontInterface (from `../node_modules/unimodules-font-interface/ios`)
  - UMImageLoaderInterface (from `../node_modules/unimodules-image-loader-interface/ios`)
  - UMPermissionsInterface (from `../node_modules/unimodules-permissions-interface/ios`)
  - "UMReactNativeAdapter (from `../node_modules/@unimodules/react-native-adapter/ios`)"
  - UMSensorsInterface (from `../node_modules/unimodules-sensors-interface/ios`)
  - UMTaskManagerInterface (from `../node_modules/unimodules-task-manager-interface/ios`)
  - Yoga (from `../node_modules/react-native/ReactCommon/yoga`)

SPEC REPOS:
  trunk:
    - boost-for-react-native
    - FBAudienceNetwork
    - FBSDKCoreKit
    - FBSDKLoginKit
    - FBSDKShareKit
    - Firebase
    - FirebaseAnalytics
    - FirebaseAnalyticsInterop
    - FirebaseAuth
    - FirebaseAuthInterop
    - FirebaseCore
    - FirebaseCoreDiagnostics
    - FirebaseCoreDiagnosticsInterop
    - FirebaseInstanceID
    - FirebaseMessaging
    - Google-Maps-iOS-Utils
    - GoogleAppMeasurement
    - GoogleDataTransport
    - GoogleDataTransportCCTSupport
    - GoogleMaps
    - GoogleUtilities
    - GTMSessionFetcher
    - libwebp
    - nanopb
    - PromisesObjC
    - Protobuf
    - SDWebImage
    - SDWebImageWebPCoder
    - TOCropViewController

EXTERNAL SOURCES:
  DoubleConversion:
    :podspec: "../node_modules/react-native/third-party-podspecs/DoubleConversion.podspec"
  EXAdsFacebook:
    :path: "../node_modules/expo-ads-facebook/ios"
  EXAV:
    :path: "../node_modules/expo-av/ios"
  EXBlur:
    :path: "../node_modules/expo-blur/ios"
  EXCamera:
    :path: "../node_modules/expo-camera/ios"
  EXConstants:
    :path: "../node_modules/react-native-unimodules/node_modules/expo-constants/ios"
  EXFacebook:
    :path: "../node_modules/expo-facebook/ios"
  EXFileSystem:
    :path: "../node_modules/expo-file-system/ios"
  EXFirebaseCore:
    :path: "../node_modules/expo-firebase-core/ios"
  EXImageLoader:
    :path: "../node_modules/expo-image-loader/ios"
  EXImagePicker:
    :path: "../node_modules/expo-image-picker/ios"
  EXLocalization:
    :path: "../node_modules/expo-localization/ios"
  EXLocation:
    :path: "../node_modules/expo-location/ios"
  EXPermissions:
    :path: "../node_modules/expo-permissions/ios"
  FBLazyVector:
    :path: "../node_modules/react-native/Libraries/FBLazyVector"
  FBReactNativeSpec:
    :path: "../node_modules/react-native/Libraries/FBReactNativeSpec"
  Folly:
    :podspec: "../node_modules/react-native/third-party-podspecs/Folly.podspec"
  glog:
    :podspec: "../node_modules/react-native/third-party-podspecs/glog.podspec"
  RCTRequired:
    :path: "../node_modules/react-native/Libraries/RCTRequired"
  RCTTypeSafety:
    :path: "../node_modules/react-native/Libraries/TypeSafety"
  React:
    :path: "../node_modules/react-native/"
  React-ART:
    :path: "../node_modules/react-native/Libraries/ART"
  React-Core:
    :path: "../node_modules/react-native/"
  React-CoreModules:
    :path: "../node_modules/react-native/React/CoreModules"
  React-cxxreact:
    :path: "../node_modules/react-native/ReactCommon/cxxreact"
  React-jsi:
    :path: "../node_modules/react-native/ReactCommon/jsi"
  React-jsiexecutor:
    :path: "../node_modules/react-native/ReactCommon/jsiexecutor"
  React-jsinspector:
    :path: "../node_modules/react-native/ReactCommon/jsinspector"
  react-native-appearance:
    :path: "../node_modules/react-native-appearance"
  react-native-fbsdk:
    :path: "../node_modules/react-native-fbsdk"
  react-native-geolocation:
    :path: "../node_modules/@react-native-community/geolocation"
  react-native-get-random-values:
    :path: "../node_modules/react-native-get-random-values"
  react-native-image-picker:
    :path: "../node_modules/react-native-image-picker"
  react-native-maps:
    :path: "../node_modules/react-native-maps"
  react-native-splash-screen:
    :path: "../node_modules/react-native-splash-screen"
  react-native-webrtc:
    :path: "../node_modules/react-native-webrtc"
  react-native-webview:
    :path: "../node_modules/react-native-webview"
  React-RCTActionSheet:
    :path: "../node_modules/react-native/Libraries/ActionSheetIOS"
  React-RCTAnimation:
    :path: "../node_modules/react-native/Libraries/NativeAnimation"
  React-RCTBlob:
    :path: "../node_modules/react-native/Libraries/Blob"
  React-RCTImage:
    :path: "../node_modules/react-native/Libraries/Image"
  React-RCTLinking:
    :path: "../node_modules/react-native/Libraries/LinkingIOS"
  React-RCTNetwork:
    :path: "../node_modules/react-native/Libraries/Network"
  React-RCTSettings:
    :path: "../node_modules/react-native/Libraries/Settings"
  React-RCTText:
    :path: "../node_modules/react-native/Libraries/Text"
  React-RCTVibration:
    :path: "../node_modules/react-native/Libraries/Vibration"
  ReactCommon:
    :path: "../node_modules/react-native/ReactCommon"
  ReactNativeAutogrowTextinput:
    :path: "../node_modules/react-native-autogrow-textinput"
  ReactNativeIncallManager:
    :path: "../node_modules/react-native-incall-manager"
  ReactNativeKeyboardInput:
    :path: "../node_modules/react-native-keyboard-input"
  ReactNativeKeyboardTrackingView:
    :path: "../node_modules/react-native-keyboard-tracking-view"
  RNCallKeep:
    :path: "../node_modules/react-native-callkeep"
  RNCAsyncStorage:
    :path: "../node_modules/@react-native-community/async-storage"
  RNFastImage:
    :path: "../node_modules/react-native-fast-image"
  RNFBApp:
    :path: "../node_modules/@react-native-firebase/app"
  RNFBAuth:
    :path: "../node_modules/@react-native-firebase/auth"
  RNFBMessaging:
    :path: "../node_modules/@react-native-firebase/messaging"
  RNGestureHandler:
    :path: "../node_modules/react-native-gesture-handler"
  RNImageCropPicker:
    :path: "../node_modules/react-native-image-crop-picker"
  RNLocalize:
    :path: "../node_modules/react-native-localize"
  RNReactNativeModalPatch:
    :path: "../node_modules/react-native-modal-patch"
  RNReanimated:
    :path: "../node_modules/react-native-reanimated"
  RNScreens:
    :path: "../node_modules/react-native-screens"
  RNVectorIcons:
    :path: "../node_modules/react-native-vector-icons"
  RNVoipPushNotification:
    :path: "../node_modules/react-native-voip-push-notification"
  UMAppLoader:
    :path: "../node_modules/unimodules-app-loader/ios"
  UMBarCodeScannerInterface:
    :path: "../node_modules/unimodules-barcode-scanner-interface/ios"
  UMCameraInterface:
    :path: "../node_modules/unimodules-camera-interface/ios"
  UMConstantsInterface:
    :path: "../node_modules/unimodules-constants-interface/ios"
  UMCore:
    :path: "../node_modules/@unimodules/core/ios"
  UMFaceDetectorInterface:
    :path: "../node_modules/unimodules-face-detector-interface/ios"
  UMFileSystemInterface:
    :path: "../node_modules/unimodules-file-system-interface/ios"
  UMFontInterface:
    :path: "../node_modules/unimodules-font-interface/ios"
  UMImageLoaderInterface:
    :path: "../node_modules/unimodules-image-loader-interface/ios"
  UMPermissionsInterface:
    :path: "../node_modules/unimodules-permissions-interface/ios"
  UMReactNativeAdapter:
    :path: "../node_modules/@unimodules/react-native-adapter/ios"
  UMSensorsInterface:
    :path: "../node_modules/unimodules-sensors-interface/ios"
  UMTaskManagerInterface:
    :path: "../node_modules/unimodules-task-manager-interface/ios"
  Yoga:
    :path: "../node_modules/react-native/ReactCommon/yoga"

SPEC CHECKSUMS:
  boost-for-react-native: 39c7adb57c4e60d6c5479dd8623128eb5b3f0f2c
  DoubleConversion: 5805e889d232975c086db112ece9ed034df7a0b2
  EXAdsFacebook: 6b64eced2284b49b9966414379d762f85bfc4829
  EXAV: bd1c889906adac7f5b9f59a5cb993219564e26f2
  EXBlur: 5b7a7344c97f448fa88e40df58a755f84084e292
  EXCamera: d2caf6bdc821a316d070fe979a255dd5b32d2daf
  EXConstants: 9f18e9ef229706394f41735d9c7f309d479b36c0
  EXFacebook: 141eefc426199ee556ff1ff254bae362416a32bd
  EXFileSystem: b82693d78de152efe10a77d4aac781f782e10916
  EXFirebaseCore: eb85dc5f63ba96905c457fdadad1e0446f8bc7bd
  EXImageLoader: 5c9d1bf408443ac4d4f44463eaf3b0d03bc70425
  EXImagePicker: 4c2d3cb5012cfde48b225e75ce6870df811f9d30
  EXLocalization: 74aefb246a9760c0839f6744feea0c325b475f9d
  EXLocation: 894f762c697a2d91d270ccf1e4b78f2b15d407e3
  EXPermissions: ae198769bbf40608f3e72ae370ab7b85256e9ab1
  FBAudienceNetwork: 33fc8c8c07c1cdbf5279784b73729c6410809daa
  FBLazyVector: feb35a6b7f7b50f367be07f34012f34a79282fa3
  FBReactNativeSpec: 51477b84b1bf7ab6f9ef307c24e3dd675391be44
  FBSDKCoreKit: e7dcac0aabcfb09d0166998edd95fe3b05a0ce5d
  FBSDKLoginKit: 1b0cf04df0370b37404213157b060d6666ede814
  FBSDKShareKit: abc29e1bb4f9f59f679adf1ae191006d68455f96
  Firebase: 458d109512200d1aca2e1b9b6cf7d68a869a4a46
  FirebaseAnalytics: 45f36d9c429fc91d206283900ab75390cd05ee8a
  FirebaseAnalyticsInterop: 3f86269c38ae41f47afeb43ebf32a001f58fcdae
  FirebaseAuth: ce45d7c5d46bed90159f3a73b6efbe8976ed3573
  FirebaseAuthInterop: a0f37ae05833af156e72028f648d313f7e7592e9
  FirebaseCore: 307ea2508df730c5865334e41965bd9ea344b0e5
  FirebaseCoreDiagnostics: b59c024493a409f8aecba02c99928d0d8431d159
  FirebaseCoreDiagnosticsInterop: 296e2c5f5314500a850ad0b83e9e7c10b011a850
  FirebaseInstanceID: ebd2ea79ee38db0cb5f5167b17a0d387e1cc7b6e
  FirebaseMessaging: 089b7a4991425783384acc8bcefcd78c0af913bd
  Folly: 30e7936e1c45c08d884aa59369ed951a8e68cf51
  glog: 1f3da668190260b06b429bb211bfbee5cd790c28
  Google-Maps-iOS-Utils: 5481c2c8999a7847424755d777c241c238243c0a
  GoogleAppMeasurement: dfe55efa543e899d906309eaaac6ca26d249862f
  GoogleDataTransport: 9a8a16f79feffc7f42096743de2a7c4815e84020
  GoogleDataTransportCCTSupport: 0f39025e8cf51f168711bd3fb773938d7e62ddb5
  GoogleMaps: 8c080862ff2748ece9929471b30feb56a6c5079d
  GoogleUtilities: 7f2f5a07f888cdb145101d6042bc4422f57e70b3
  GTMSessionFetcher: 6f5c8abbab8a9bce4bb3f057e317728ec6182b10
  libwebp: 946cb3063cea9236285f7e9a8505d806d30e07f3
  nanopb: 18003b5e52dab79db540fe93fe9579f399bd1ccd
  PromisesObjC: b14b1c6b68e306650688599de8a45e49fae81151
  Protobuf: 3dac39b34a08151c6d949560efe3f86134a3f748
  RCTRequired: f3b3fb6f4723e8e52facb229d0c75fdc76773849
  RCTTypeSafety: 2ec60de6abb1db050b56ecc4b60188026078fd10
  React: 10e0130b57e55a7cd8c3dee37c1261102ce295f4
  React-ART: 114e0f23c288890ab595abf007fc0cd0e57e5936
  React-Core: 636212410772d05f3a1eb79d965df2962ca1c70b
  React-CoreModules: 6f70d5e41919289c582f88c9ad9923fe5c87400a
  React-cxxreact: ddecbe9157ec1743f52ea17bf8d95debc0d6e846
  React-jsi: ca921f4041505f9d5197139b2d09eeb020bb12e8
  React-jsiexecutor: 8dfb73b987afa9324e4009bdce62a18ce23d983c
  React-jsinspector: d15478d0a8ada19864aa4d1cc1c697b41b3fa92f
  react-native-appearance: fc2014516054585d531e07aa0b40ab0de1d2be85
  react-native-fbsdk: b94a83971c496a35803f38b921aec6d637ba07b5
  react-native-geolocation: cbd9d6bd06bac411eed2671810f454d4908484a8
  react-native-get-random-values: 1404bd5cc0ab0e287f75ee1c489555688fc65f89
  react-native-image-picker: 3637d63fef7e32a230141ab4660d3ceb773c824f
  react-native-maps: 6e499eee4eabf422ba8b6f94e993cc768bf35153
  react-native-splash-screen: 200d11d188e2e78cea3ad319964f6142b6384865
  react-native-webrtc: 9268ae9a2bc9730796b0968d012327e92c392adf
  react-native-webview: 0e2881d2e3e72ad52a82445c1a116c43205fd471
  React-RCTActionSheet: 7369b7c85f99b6299491333affd9f01f5a130c22
  React-RCTAnimation: d07be15b2bd1d06d89417eb0343f98ffd2b099a7
  React-RCTBlob: 8e0b23d95c9baa98f6b0e127e07666aaafd96c34
  React-RCTImage: 443050d14a66e8c2332e9c055f45689d23e15cc7
  React-RCTLinking: ce9a90ba155aec41be49e75ec721bbae2d48a47e
  React-RCTNetwork: 41fe54bacc67dd00e6e4c4d30dd98a13e4beabc8
  React-RCTSettings: 45e3e0a6470310b2dab2ccc6d1d73121ba3ea936
  React-RCTText: 21934e0a51d522abcd0a275407e80af45d6fd9ec
  React-RCTVibration: 0f76400ee3cec6edb9c125da49fed279340d145a
  ReactCommon: a6a294e7028ed67b926d29551aa9394fd989c24c
  ReactNativeAutogrowTextinput: 67ccba730d624ed6b12aa04a0d423db286320b73
  ReactNativeIncallManager: db7d5f5ae281a43d7179ba24875ff477dc47f229
  ReactNativeKeyboardInput: 9ba62ac1841ae8caa99d666301669bdd015e609b
  ReactNativeKeyboardTrackingView: 02137fac3b2ebd330d74fa54ead48b14750a2306
  RNCallKeep: ea9f0cec0e5d30de94eb571f37f7423c445d14f9
  RNCAsyncStorage: 3eea36d9460c5159b592f9ecbe5a77f8aca98006
  RNFastImage: e19ba191922e7dab9d932a4d59d62d76660aa222
  RNFBApp: 6106e1435809c3cd340d560c1dcd8a292b527955
  RNFBAuth: aca7cade6f1e6cde249e12c9058c6469c42295ff
  RNFBMessaging: cc0fa46268704977a3b335b336ea1673eb920e4a
  RNGestureHandler: 7a5833d0f788dbd107fbb913e09aa0c1ff333c39
  RNImageCropPicker: 38865ab4af1b0b2146ad66061196bc0184946855
  RNLocalize: c388679af021ddd6069c215f7fdd2acf4e77ede5
  RNReactNativeModalPatch: fc3c9f788dfa44e1914edd380ade65f3eb2236fd
  RNReanimated: 89f5e0a04d1dd52fbf27e7e7030d8f80a646a3fc
  RNScreens: b748efec66e095134c7166ca333b628cd7e6f3e2
  RNVectorIcons: bc69e6a278b14842063605de32bec61f0b251a59
  RNVoipPushNotification: be6f70cac9d1fd73e020063093f635f64d97c9c6
  SDWebImage: a990c053fff71e388a10f3357edb0be17929c9c5
  SDWebImageWebPCoder: d0dac55073088d24b2ac1b191a71a8f8d0adac21
  TOCropViewController: 2a1ae1242600b1f2d996fd91a5268b2309a33b5c
  UMAppLoader: ae5eaee9f3c8cc847c631a579fed20d217de5913
  UMBarCodeScannerInterface: aa3409ab9d108866e55c09ad0292e4a6c08a7775
  UMCameraInterface: 9d5da92c521e0af7815afbf77ea19bd0312b4928
  UMConstantsInterface: 4a1d3062a89421d3290bbe8f75efabd849935bea
  UMCore: cb544737bc72ecfccae9dd476e4d647468b4ebd0
  UMFaceDetectorInterface: c6d69c914426fc29f5a2442411a575e887adb823
  UMFileSystemInterface: bee6c9ca4f3d70da5f7c9752efc8b3f3a7f47b61
  UMFontInterface: 884955c5fd329095e2072d16de9b5bf1bce93005
  UMImageLoaderInterface: 3781f05d7e0be1c5b00dd3cc9c390b94d8484300
  UMPermissionsInterface: a3c5910e28a5ec31810dbfd1936e4948a4439310
  UMReactNativeAdapter: e936c48fd15114cd1d5b06310797198a06f72ca0
  UMSensorsInterface: fc92b1f92202166284ca0f95e0acc1daab5d16a8
  UMTaskManagerInterface: 4e6c4c34a89512e2225d336154df1cb689226a29
  Yoga: ba3d99dbee6c15ea6bbe3783d1f0cb1ffb79af0f

PODFILE CHECKSUM: 9e436f8fc1fb5b8eb56e92f2bc506c0bc8e05cdc

COCOAPODS: 1.9.3
